{
    "_readme": [
        "This file locks the dependencies of your project to a known state",
        "Read more about it at http://getcomposer.org/doc/01-basic-usage.md#composer-lock-the-lock-file",
        "This file is @generated automatically"
    ],
    "hash": "77527dcf6a1c72ebfa49c5e9cbadda2f",
    "packages": [
        {
            "name": "composer/installers",
            "version": "v1.0.13",
            "source": {
                "type": "git",
                "url": "https://github.com/composer/installers.git",
                "reference": "26d37e307f9aa6e2e81806a6525666f8ab5ba0ff"
            },
            "dist": {
                "type": "zip",
                "url": "https://api.github.com/repos/composer/installers/zipball/26d37e307f9aa6e2e81806a6525666f8ab5ba0ff",
                "reference": "26d37e307f9aa6e2e81806a6525666f8ab5ba0ff",
                "shasum": ""
            },
            "replace": {
                "shama/baton": "*"
            },
            "require-dev": {
                "composer/composer": "1.0.*@dev",
                "phpunit/phpunit": "3.7.*"
            },
            "type": "composer-installer",
            "extra": {
                "class": "Composer\\Installers\\Installer",
                "branch-alias": {
                    "dev-master": "1.0-dev"
                }
            },
            "autoload": {
                "psr-0": {
                    "Composer\\Installers\\": "src/"
                }
            },
            "notification-url": "https://packagist.org/downloads/",
            "license": [
                "MIT"
            ],
            "authors": [
                {
                    "name": "Kyle Robinson Young",
                    "email": "kyle@dontkry.com",
                    "homepage": "https://github.com/shama",
                    "role": "Developer"
                }
            ],
            "description": "A multi-framework Composer library installer",
            "homepage": "http://composer.github.com/installers/",
            "keywords": [
                "Craft",
                "Hurad",
                "MODX Evo",
                "OXID",
                "WolfCMS",
                "agl",
                "annotatecms",
                "cakephp",
                "codeigniter",
                "concrete5",
                "croogo",
                "drupal",
                "elgg",
                "fuelphp",
                "installer",
                "joomla",
                "kohana",
                "laravel",
                "lithium",
                "magento",
                "mako",
                "mediawiki",
                "modulework",
                "phpbb",
                "piwik",
                "ppi",
                "shopware",
                "silverstripe",
                "symfony",
                "typo3",
                "wordpress",
                "zend",
                "zikula"
            ],
            "time": "2014-04-09 16:12:43"
        },
        {
            "name": "fancyguy/webroot-installer",
            "version": "1.1.0",
            "source": {
                "type": "git",
                "url": "https://github.com/fancyguy/webroot-installer.git",
                "reference": "a2d5c2e149d837e5580a62a91d3c91577aa30d28"
            },
            "dist": {
                "type": "zip",
                "url": "https://api.github.com/repos/fancyguy/webroot-installer/zipball/a2d5c2e149d837e5580a62a91d3c91577aa30d28",
                "reference": "a2d5c2e149d837e5580a62a91d3c91577aa30d28",
                "shasum": ""
            },
            "require-dev": {
                "composer/composer": "1.0.*@dev",
                "phpunit/phpunit": "3.7.*"
            },
            "type": "composer-installer",
            "extra": {
                "class": "FancyGuy\\Composer\\WebrootInstaller"
            },
            "autoload": {
                "psr-0": {
                    "FancyGuy\\Composer\\": "src/"
                }
            },
            "notification-url": "https://packagist.org/downloads/",
            "license": [
                "BSD-3-Clause"
            ],
            "authors": [
                {
                    "name": "Steve Buzonas",
                    "email": "steve@fancyguy.com",
                    "homepage": "http://www.stevebuzonas.com"
                }
            ],
            "description": "A composer installer for libraries that live in an application webroot.",
            "homepage": "http://fancyguy.github.com/webroot-installer/",
            "time": "2013-03-15 17:51:14"
        },
        {
            "name": "vlucas/phpdotenv",
            "version": "1.0.6",
            "source": {
                "type": "git",
                "url": "https://github.com/vlucas/phpdotenv.git",
                "reference": "2821c024b4c14c7e6d1ff99e063ae9532620beb2"
            },
            "dist": {
                "type": "zip",
                "url": "https://api.github.com/repos/vlucas/phpdotenv/zipball/2821c024b4c14c7e6d1ff99e063ae9532620beb2",
                "reference": "2821c024b4c14c7e6d1ff99e063ae9532620beb2",
                "shasum": ""
            },
            "require": {
                "php": ">=5.3.2"
            },
            "require-dev": {
                "phpunit/phpunit": "*"
            },
            "type": "library",
            "autoload": {
                "psr-0": {
                    "Dotenv": "src/"
                }
            },
            "notification-url": "https://packagist.org/downloads/",
            "license": [
                "BSD"
            ],
            "authors": [
                {
                    "name": "Vance Lucas",
                    "email": "vance@vancelucas.com",
                    "homepage": "http://www.vancelucas.com"
                }
            ],
            "description": "Loads environment variables from `.env` to `getenv()`, `$_ENV` and `$_SERVER` automagically.",
            "homepage": "http://github.com/vlucas/phpdotenv",
            "keywords": [
                "dotenv",
                "env",
                "environment"
            ],
            "time": "2014-01-31 16:18:39"
        },
        {
            "name": "wordpressNL",
            "version": "3.9.1",
            "dist": {
                "type": "zip",
                "url": "https://downloads.wordpress.org/release/nl_NL/wordpress-3.9.1.zip",
                "reference": null,
                "shasum": null
            },
            "require": {
                "fancyguy/webroot-installer": "1.1.0"
            },
            "type": "webroot"
        },
        {
            "name": "wpackagist-plugin/agnosia-bootstrap-carousel",
            "version": "1.1",
            "source": {
                "type": "svn",
                "url": "http://plugins.svn.wordpress.org/agnosia-bootstrap-carousel/",
                "reference": "tags/1.1"
            },
            "dist": {
                "type": "zip",
                "url": "http://downloads.wordpress.org/plugin/agnosia-bootstrap-carousel.1.1.zip",
                "reference": null,
                "shasum": null
            },
            "require": {
                "composer/installers": "~1.0"
            },
            "replace": {
                "wpackagist/agnosia-bootstrap-carousel": "self.version"
            },
            "type": "wordpress-plugin",
            "homepage": "http://wordpress.org/plugins/agnosia-bootstrap-carousel/"
        },
        {
            "name": "wpackagist-plugin/carousel-without-jetpack",
            "version": "0.7.2",
            "source": {
                "type": "svn",
                "url": "http://plugins.svn.wordpress.org/carousel-without-jetpack/",
                "reference": "tags/0.7.2"
            },
            "dist": {
                "type": "zip",
                "url": "http://downloads.wordpress.org/plugin/carousel-without-jetpack.0.7.2.zip",
                "reference": null,
                "shasum": null
            },
            "require": {
                "composer/installers": "~1.0"
            },
            "replace": {
                "wpackagist/carousel-without-jetpack": "self.version"
            },
            "type": "wordpress-plugin",
            "homepage": "http://wordpress.org/plugins/carousel-without-jetpack/"
        },
        {
            "name": "wpackagist-plugin/codestyling-localization",
            "version": "1.99.30",
            "source": {
                "type": "svn",
                "url": "http://plugins.svn.wordpress.org/codestyling-localization/",
                "reference": "tags/1.99.30"
            },
            "dist": {
                "type": "zip",
                "url": "http://downloads.wordpress.org/plugin/codestyling-localization.1.99.30.zip",
                "reference": null,
                "shasum": null
            },
            "require": {
                "composer/installers": "~1.0"
            },
            "replace": {
                "wpackagist/codestyling-localization": "self.version"
            },
            "type": "wordpress-plugin",
            "homepage": "http://wordpress.org/plugins/codestyling-localization/"
        },
        {
            "name": "wpackagist-plugin/font-awesome-4-menus",
            "version": "4.1.0.0",
            "source": {
                "type": "svn",
                "url": "http://plugins.svn.wordpress.org/font-awesome-4-menus/",
                "reference": "trunk"
            },
            "dist": {
                "type": "zip",
                "url": "http://downloads.wordpress.org/plugin/font-awesome-4-menus.zip",
                "reference": null,
                "shasum": null
            },
            "require": {
                "composer/installers": "~1.0"
            },
            "replace": {
                "wpackagist/font-awesome-4-menus": "self.version"
            },
            "type": "wordpress-plugin",
            "homepage": "http://wordpress.org/plugins/font-awesome-4-menus/"
        },
        {
            "name": "wpackagist-plugin/force-regenerate-thumbnails",
            "version": "2.0.3",
            "source": {
                "type": "svn",
                "url": "http://plugins.svn.wordpress.org/force-regenerate-thumbnails/",
                "reference": "tags/2.0.3"
            },
            "dist": {
                "type": "zip",
                "url": "http://downloads.wordpress.org/plugin/force-regenerate-thumbnails.2.0.3.zip",
                "reference": null,
                "shasum": null
            },
            "require": {
                "composer/installers": "~1.0"
            },
            "replace": {
                "wpackagist/force-regenerate-thumbnails": "self.version"
            },
            "type": "wordpress-plugin",
            "homepage": "http://wordpress.org/plugins/force-regenerate-thumbnails/"
        },
        {
            "name": "wpackagist-plugin/get-the-image",
            "version": "0.9.0",
            "source": {
                "type": "svn",
                "url": "http://plugins.svn.wordpress.org/get-the-image/",
                "reference": "tags/0.9.0"
            },
            "dist": {
                "type": "zip",
                "url": "http://downloads.wordpress.org/plugin/get-the-image.0.9.0.zip",
                "reference": null,
                "shasum": null
            },
            "require": {
                "composer/installers": "~1.0"
            },
            "replace": {
                "wpackagist/get-the-image": "self.version"
            },
            "type": "wordpress-plugin",
            "homepage": "http://wordpress.org/plugins/get-the-image/"
        },
        {
            "name": "wpackagist-plugin/image-watermark",
            "version": "1.3.1",
            "source": {
                "type": "svn",
                "url": "http://plugins.svn.wordpress.org/image-watermark/",
                "reference": "tags/1.3.1"
            },
            "dist": {
                "type": "zip",
                "url": "http://downloads.wordpress.org/plugin/image-watermark.1.3.1.zip",
                "reference": null,
                "shasum": null
            },
            "require": {
                "composer/installers": "~1.0"
            },
            "replace": {
                "wpackagist/image-watermark": "self.version"
            },
            "type": "wordpress-plugin",
            "homepage": "http://wordpress.org/plugins/image-watermark/"
        },
        {
            "name": "wpackagist-plugin/portfolio-post-type",
            "version": "0.8.1",
            "source": {
                "type": "svn",
                "url": "http://plugins.svn.wordpress.org/portfolio-post-type/",
                "reference": "tags/0.8.1"
            },
            "dist": {
                "type": "zip",
                "url": "http://downloads.wordpress.org/plugin/portfolio-post-type.0.8.1.zip",
                "reference": null,
                "shasum": null
            },
            "require": {
                "composer/installers": "~1.0"
            },
            "replace": {
                "wpackagist/portfolio-post-type": "self.version"
            },
            "type": "wordpress-plugin",
            "homepage": "http://wordpress.org/plugins/portfolio-post-type/"
        },
        {
            "name": "wpackagist-plugin/post-snippets",
            "version": "2.3.3",
            "source": {
                "type": "svn",
                "url": "http://plugins.svn.wordpress.org/post-snippets/",
                "reference": "tags/2.3.3"
            },
            "dist": {
                "type": "zip",
                "url": "http://downloads.wordpress.org/plugin/post-snippets.2.3.3.zip",
                "reference": null,
                "shasum": null
            },
            "require": {
                "composer/installers": "~1.0"
            },
            "replace": {
                "wpackagist/post-snippets": "self.version"
            },
            "type": "wordpress-plugin",
            "homepage": "http://wordpress.org/plugins/post-snippets/"
        },
        {
            "name": "wpackagist-plugin/series",
            "version": "0.2.0",
            "source": {
                "type": "svn",
                "url": "http://plugins.svn.wordpress.org/series/",
                "reference": "tags/0.2.0"
            },
            "dist": {
                "type": "zip",
                "url": "http://downloads.wordpress.org/plugin/series.0.2.0.zip",
                "reference": null,
                "shasum": null
            },
            "require": {
                "composer/installers": "~1.0"
            },
            "replace": {
                "wpackagist/series": "self.version"
            },
            "type": "wordpress-plugin",
            "homepage": "http://wordpress.org/plugins/series/"
        },
        {
            "name": "wpackagist-plugin/twitter-bootstrap-galleries",
            "version": "1.0.1",
            "source": {
                "type": "svn",
                "url": "http://plugins.svn.wordpress.org/twitter-bootstrap-galleries/",
                "reference": "tags/1.0.1"
            },
            "dist": {
                "type": "zip",
                "url": "http://downloads.wordpress.org/plugin/twitter-bootstrap-galleries.1.0.1.zip",
                "reference": null,
                "shasum": null
            },
            "require": {
                "composer/installers": "~1.0"
            },
            "replace": {
                "wpackagist/twitter-bootstrap-galleries": "self.version"
            },
            "type": "wordpress-plugin",
            "homepage": "http://wordpress.org/plugins/twitter-bootstrap-galleries/"
        },
        {
            "name": "wpackagist-plugin/wordpress-importer",
            "version": "0.6.1",
            "source": {
                "type": "svn",
                "url": "http://plugins.svn.wordpress.org/wordpress-importer/",
                "reference": "tags/0.6.1"
            },
            "dist": {
                "type": "zip",
                "url": "http://downloads.wordpress.org/plugin/wordpress-importer.0.6.1.zip",
                "reference": null,
                "shasum": null
            },
            "require": {
                "composer/installers": "~1.0"
            },
            "replace": {
                "wpackagist/wordpress-importer": "self.version"
            },
            "type": "wordpress-plugin",
            "homepage": "http://wordpress.org/plugins/wordpress-importer/"
        },
        {
            "name": "wpackagist-theme/base-wp",
            "version": "1.15",
            "source": {
                "type": "svn",
                "url": "http://themes.svn.wordpress.org/base-wp/",
                "reference": "1.15"
            },
            "dist": {
                "type": "zip",
                "url": "http://wordpress.org/themes/download/base-wp.1.15.zip",
                "reference": null,
                "shasum": null
            },
            "require": {
                "composer/installers": "~1.0"
            },
            "type": "wordpress-theme",
            "homepage": "http://wordpress.org/themes/base-wp/"
        },
        {
            "name": "wpackagist-theme/cazuela",
            "version": "1.0.3",
            "source": {
                "type": "svn",
                "url": "http://themes.svn.wordpress.org/cazuela/",
                "reference": "1.0.3"
            },
            "dist": {
                "type": "zip",
                "url": "http://wordpress.org/themes/download/cazuela.1.0.3.zip",
                "reference": null,
                "shasum": null
            },
            "require": {
                "composer/installers": "~1.0"
            },
            "type": "wordpress-theme",
            "homepage": "http://wordpress.org/themes/cazuela/"
        },
        {
            "name": "wpackagist-theme/fictive",
            "version": "1.0",
            "source": {
                "type": "svn",
                "url": "http://themes.svn.wordpress.org/fictive/",
                "reference": "1.0"
            },
            "dist": {
                "type": "zip",
                "url": "http://wordpress.org/themes/download/fictive.1.0.zip",
                "reference": null,
                "shasum": null
            },
            "require": {
                "composer/installers": "~1.0"
            },
            "type": "wordpress-theme",
            "homepage": "http://wordpress.org/themes/fictive/"
        },
        {
            "name": "wpackagist-theme/portfolio-press",
            "version": "2.3",
            "source": {
                "type": "svn",
                "url": "http://themes.svn.wordpress.org/portfolio-press/",
                "reference": "2.3"
            },
            "dist": {
                "type": "zip",
                "url": "http://wordpress.org/themes/download/portfolio-press.2.3.zip",
                "reference": null,
                "shasum": null
            },
            "require": {
                "composer/installers": "~1.0"
            },
            "type": "wordpress-theme",
            "homepage": "http://wordpress.org/themes/portfolio-press/"
        },
        {
            "name": "wpackagist-theme/twentyfourteen",
            "version": "1.1",
            "source": {
                "type": "svn",
                "url": "http://themes.svn.wordpress.org/twentyfourteen/",
                "reference": "1.1"
            },
            "dist": {
                "type": "zip",
                "url": "http://wordpress.org/themes/download/twentyfourteen.1.1.zip",
                "reference": null,
                "shasum": null
            },
            "require": {
                "composer/installers": "~1.0"
            },
            "type": "wordpress-theme",
            "homepage": "http://wordpress.org/themes/twentyfourteen/"
        },
        {
            "name": "wpackagist-theme/writr",
            "version": "1.0.8",
            "source": {
                "type": "svn",
                "url": "http://themes.svn.wordpress.org/writr/",
                "reference": "1.0.8"
            },
            "dist": {
                "type": "zip",
                "url": "http://wordpress.org/themes/download/writr.1.0.8.zip",
                "reference": null,
                "shasum": null
            },
            "require": {
                "composer/installers": "~1.0"
            },
            "type": "wordpress-theme",
            "homepage": "http://wordpress.org/themes/writr/"
        }
    ],
    "packages-dev": [],
    "aliases": [],
    "minimum-stability": "stable",
    "stability-flags": [],
    "platform": {
        "php": ">=5.3.0"
    },
    "platform-dev": []
}
